
Microsoft Visual Studio Solution File, Format Version 12.00
# Visual Studio Version 16
VisualStudioVersion = 16.0.29230.61
MinimumVisualStudioVersion = 10.0.40219.1
Project("{FAE04EC0-301F-11D3-BF4B-00C04F79EFBC}") = "RunOnlyWhenIdle", "RunOnlyWhenIdle.csproj", "{FCE86480-A814-4BB2-969C-7E657347F8FD}"
EndProject
Global
	GlobalSection(SolutionConfigurationPlatforms) = preSolution
		Debug|Any CPU = Debug|Any CPU
		Release|Any CPU = Release|Any CPU
	EndGlobalSection
	GlobalSection(ProjectConfigurationPlatforms) = postSolution
		{FCE86480-A814-4BB2-969C-7E657347F8FD}.Debug|Any CPU.ActiveCfg = Debug|Any CPU
		{FCE86480-A814-4BB2-969C-7E657347F8FD}.Debug|Any CPU.Build.0 = Debug|Any CPU
		{FCE86480-A814-4BB2-969C-7E657347F8FD}.Release|Any CPU.ActiveCfg = Release|Any CPU
		{FCE86480-A814-4BB2-969C-7E657347F8FD}.Release|Any CPU.Build.0 = Release|Any CPU
	EndGlobalSection
	GlobalSection(SolutionProperties) = preSolution
		HideSolutionNode = FALSE
	EndGlobalSection
	GlobalSection(ExtensibilityGlobals) = postSolution
		SolutionGuid = {519B09FD-836E-4BB8-B0C3-523BAF9C7503}
	EndGlobalSection
EndGlobal
